Microsoft Visual Studio Solution File, Format Version 11.00
# Visual Studio 2013
Project("{69B5C2F2-10CF-DFC6-0BCD-709C9489C11B}") = "Project2", "Project2.vcxproj", "{8B4E20BB-11CD-FF77-45C6-3F7EE524E841}"
EndProject
Global
	GlobalSection(SolutionConfigurationPlatforms) = preSolution
		Debug|Win32 = Debug|Win32
		Release|Win32 = Release|Win32
	EndGlobalSection
	GlobalSection(ProjectConfigurationPlatforms) = postSolution
		{8B4E20BB-11CD-FF77-45C6-3F7EE524E841}.Debug|Win32.ActiveCfg = Debug|Win32
		{8B4E20BB-11CD-FF77-45C6-3F7EE524E841}.Debug|Win32.Build.0 = Debug|Win32
		{8B4E20BB-11CD-FF77-45C6-3F7EE524E841}.Release|Win32.ActiveCfg = Release|Win32
		{8B4E20BB-11CD-FF77-45C6-3F7EE524E841}.Release|Win32.Build.0 = Release|Win32
	EndGlobalSection
	GlobalSection(SolutionProperties) = preSolution
		HideSolutionNode = FALSE
	EndGlobalSection
EndGlobal
